<?xml version="1.0" encoding="utf-8"?>
<Project ToolsVersion="4.0" xmlns="http://schemas.microsoft.com/developer/msbuild/2003">
  <ItemGroup>
    <Filter Include="Source Files">
      <UniqueIdentifier>{4FC737F1-C7A5-4376-A066-2A32D752A2FF}</UniqueIdentifier>
      <Extensions>cpp;c;cc;cxx;def;odl;idl;hpj;bat;asm;asmx</Extensions>
    </Filter>
    <Filter Include="Header Files">
      <UniqueIdentifier>{93995380-89BD-4b04-88EB-625FBE52EBFB}</UniqueIdentifier>
      <Extensions>h;hpp;hxx;hm;inl;inc;xsd</Extensions>
    </Filter>
    <Filter Include="Header Files\Materials">
      <UniqueIdentifier>{0bf66f3e-b343-4352-b3bd-cba7613ce290}</UniqueIdentifier>
    </Filter>
    <Filter Include="Header Files\Cameras">
      <UniqueIdentifier>{c78f3745-a5a9-435e-928b-c80461df8431}</UniqueIdentifier>
    </Filter>
    <Filter Include="Header Files\Helpers">
      <UniqueIdentifier>{39d951a7-df4b-4936-b880-833058b5598b}</UniqueIdentifier>
    </Filter>
    <Filter Include="Header Files\Shaders">
      <UniqueIdentifier>{b7fcef40-b9eb-49a6-80f5-dedf3789e1f9}</UniqueIdentifier>
    </Filter>
    <Filter Include="Header Files\Lights">
      <UniqueIdentifier>{5e302ddf-a7a4-40b6-b793-bbcc99a9a5ba}</UniqueIdentifier>
    </Filter>
    <Filter Include="Header Files\Drawables">
      <UniqueIdentifier>{149faf47-b400-4336-997d-7af25352efeb}</UniqueIdentifier>
    </Filter>
    <Filter Include="Header Files\Components">
      <UniqueIdentifier>{0c709e14-9b9c-404b-bcd8-43065c87c19f}</UniqueIdentifier>
    </Filter>
    <Filter Include="Header Files\Utility">
      <UniqueIdentifier>{fbf9d351-05fd-4fdb-9652-ac56188a4fbc}</UniqueIdentifier>
    </Filter>
    <Filter Include="Header Files\Core">
      <UniqueIdentifier>{5631e6c6-5ed1-4c34-b086-ee70a1c189d1}</UniqueIdentifier>
    </Filter>
    <Filter Include="Source Files\Materials">
      <UniqueIdentifier>{02eefae0-ee17-443c-a0f5-7eca2f8b7fe9}</UniqueIdentifier>
    </Filter>
    <Filter Include="Source Files\Cameras">
      <UniqueIdentifier>{6039ce65-6a8b-40a9-ba38-51a5c55a9cdf}</UniqueIdentifier>
    </Filter>
    <Filter Include="Source Files\Helpers">
      <UniqueIdentifier>{20cbfbb4-27f9-4373-b7db-df9b317cd491}</UniqueIdentifier>
    </Filter>
    <Filter Include="Source Files\Lights">
      <UniqueIdentifier>{93351508-c998-40cb-b18e-17bb3cacb51f}</UniqueIdentifier>
    </Filter>
    <Filter Include="Source Files\Drawables">
      <UniqueIdentifier>{c07c1f86-a795-4e98-8a05-c6a8f39f0863}</UniqueIdentifier>
    </Filter>
    <Filter Include="Source Files\Components">
      <UniqueIdentifier>{45216ce0-110b-4907-b807-f1ad89f7e01f}</UniqueIdentifier>
    </Filter>
    <Filter Include="Source Files\Core">
      <UniqueIdentifier>{893fec7f-0250-44fb-9881-de144423a745}</UniqueIdentifier>
    </Filter>
    <Filter Include="Source Files\Shaders">
      <UniqueIdentifier>{e071e0e1-625b-4ac0-8b90-abcadd5ec570}</UniqueIdentifier>
    </Filter>
    <Filter Include="Source Files\Utility">
      <UniqueIdentifier>{9168232a-e500-4061-b913-b5cf73ebc37a}</UniqueIdentifier>
    </Filter>
  </ItemGroup>
  <ItemGroup>
    <ClInclude Include="vInclude.h">
      <Filter>Header Files</Filter>
    </ClInclude>
    <ClInclude Include="vEngine.h">
      <Filter>Header Files</Filter>
    </ClInclude>
    <ClInclude Include="vBloomMaterial.h">
      <Filter>Header Files\Materials</Filter>
    </ClInclude>
    <ClInclude Include="vBasicMaterial.h">
      <Filter>Header Files\Materials</Filter>
    </ClInclude>
    <ClInclude Include="vDistortionMappingMaterial.h">
      <Filter>Header Files\Materials</Filter>
    </ClInclude>
    <ClInclude Include="vGaussianBlurMaterial.h">
      <Filter>Header Files\Materials</Filter>
    </ClInclude>
    <ClInclude Include="vModelMaterial.h">
      <Filter>Header Files\Materials</Filter>
    </ClInclude>
    <ClInclude Include="vPostProcessingMaterial.h">
      <Filter>Header Files\Materials</Filter>
    </ClInclude>
    <ClInclude Include="vSkyboxMaterial.h">
      <Filter>Header Files\Materials</Filter>
    </ClInclude>
    <ClInclude Include="vFPSCamera.h">
      <Filter>Header Files\Cameras</Filter>
    </ClInclude>
    <ClInclude Include="vOrthographicCamera.h">
      <Filter>Header Files\Cameras</Filter>
    </ClInclude>
    <ClInclude Include="vPerspectiveCamera.h">
      <Filter>Header Files\Cameras</Filter>
    </ClInclude>
    <ClInclude Include="vMathHelper.h">
      <Filter>Header Files\Helpers</Filter>
    </ClInclude>
    <ClInclude Include="vVectorHelper.h">
      <Filter>Header Files\Helpers</Filter>
    </ClInclude>
    <ClInclude Include="vMatrixHelper.h">
      <Filter>Header Files\Helpers</Filter>
    </ClInclude>
    <ClInclude Include="vRenderStateHelper.h">
      <Filter>Header Files\Helpers</Filter>
    </ClInclude>
    <ClInclude Include="vColorHelper.h">
      <Filter>Header Files\Helpers</Filter>
    </ClInclude>
    <ClInclude Include="vDistortionMapping.h">
      <Filter>Header Files\Shaders</Filter>
    </ClInclude>
    <ClInclude Include="vBloom.h">
      <Filter>Header Files\Shaders</Filter>
    </ClInclude>
    <ClInclude Include="vGaussianBlur.h">
      <Filter>Header Files\Shaders</Filter>
    </ClInclude>
    <ClInclude Include="vPointLight.h">
      <Filter>Header Files\Lights</Filter>
    </ClInclude>
    <ClInclude Include="vDirectionalLight.h">
      <Filter>Header Files\Lights</Filter>
    </ClInclude>
    <ClInclude Include="vSpotLight.h">
      <Filter>Header Files\Lights</Filter>
    </ClInclude>
    <ClInclude Include="vFpsCounter.h">
      <Filter>Header Files\Drawables</Filter>
    </ClInclude>
    <ClInclude Include="vGrid.h">
      <Filter>Header Files\Drawables</Filter>
    </ClInclude>
    <ClInclude Include="vProxyModel.h">
      <Filter>Header Files\Drawables</Filter>
    </ClInclude>
    <ClInclude Include="vFullScreenQuad.h">
      <Filter>Header Files\Drawables</Filter>
    </ClInclude>
    <ClInclude Include="vSkybox.h">
      <Filter>Header Files\Drawables</Filter>
    </ClInclude>
    <ClInclude Include="vCamera.h">
      <Filter>Header Files\Components</Filter>
    </ClInclude>
    <ClInclude Include="vDrawableComponent.h">
      <Filter>Header Files\Components</Filter>
    </ClInclude>
    <ClInclude Include="vGamePad.h">
      <Filter>Header Files\Components</Filter>
    </ClInclude>
    <ClInclude Include="vJoystick.h">
      <Filter>Header Files\Components</Filter>
    </ClInclude>
    <ClInclude Include="vKeyboard.h">
      <Filter>Header Files\Components</Filter>
    </ClInclude>
    <ClInclude Include="vLight.h">
      <Filter>Header Files\Components</Filter>
    </ClInclude>
    <ClInclude Include="vMouse.h">
      <Filter>Header Files\Components</Filter>
    </ClInclude>
    <ClInclude Include="vBoundingSphere.h">
      <Filter>Header Files\Utility</Filter>
    </ClInclude>
    <ClInclude Include="vBufferContainer.h">
      <Filter>Header Files\Utility</Filter>
    </ClInclude>
    <ClInclude Include="vFullScreenRenderTarget.h">
      <Filter>Header Files\Utility</Filter>
    </ClInclude>
    <ClInclude Include="vFrustum.h">
      <Filter>Header Files\Utility</Filter>
    </ClInclude>
    <ClInclude Include="vRay.h">
      <Filter>Header Files\Utility</Filter>
    </ClInclude>
    <ClInclude Include="vService.h">
      <Filter>Header Files\Utility</Filter>
    </ClInclude>
    <ClInclude Include="vUtility.h">
      <Filter>Header Files\Utility</Filter>
    </ClInclude>
    <ClInclude Include="vAudioFmod.h">
      <Filter>Header Files\Components</Filter>
    </ClInclude>
    <ClInclude Include="vRTTI.h">
      <Filter>Header Files\Utility</Filter>
    </ClInclude>
    <ClInclude Include="vClock.h">
      <Filter>Header Files\Core</Filter>
    </ClInclude>
    <ClInclude Include="vComponent.h">
      <Filter>Header Files\Core</Filter>
    </ClInclude>
    <ClInclude Include="vEffect.h">
      <Filter>Header Files\Core</Filter>
    </ClInclude>
    <ClInclude Include="vException.h">
      <Filter>Header Files\Core</Filter>
    </ClInclude>
    <ClInclude Include="vMaterial.h">
      <Filter>Header Files\Core</Filter>
    </ClInclude>
    <ClInclude Include="vMesh.h">
      <Filter>Header Files\Core</Filter>
    </ClInclude>
    <ClInclude Include="vModel.h">
      <Filter>Header Files\Core</Filter>
    </ClInclude>
    <ClInclude Include="vPass.h">
      <Filter>Header Files\Core</Filter>
    </ClInclude>
    <ClInclude Include="vRasterizerStates.h">
      <Filter>Header Files\Core</Filter>
    </ClInclude>
    <ClInclude Include="vSamplerStates.h">
      <Filter>Header Files\Core</Filter>
    </ClInclude>
    <ClInclude Include="vTechnique.h">
      <Filter>Header Files\Core</Filter>
    </ClInclude>
    <ClInclude Include="vTime.h">
      <Filter>Header Files\Core</Filter>
    </ClInclude>
    <ClInclude Include="vVariable.h">
      <Filter>Header Files\Core</Filter>
    </ClInclude>
    <ClInclude Include="vEnums.h">
      <Filter>Header Files\Core</Filter>
    </ClInclude>
    <ClInclude Include="vStructs.h">
      <Filter>Header Files\Core</Filter>
    </ClInclude>
    <ClInclude Include="vDepthMapMaterial.h">
      <Filter>Header Files\Materials</Filter>
    </ClInclude>
    <ClInclude Include="vProjectiveTextureMappingMaterial.h">
      <Filter>Header Files\Materials</Filter>
    </ClInclude>
    <ClInclude Include="vShadowMappingMaterial.h">
      <Filter>Header Files\Materials</Filter>
    </ClInclude>
    <ClInclude Include="vRenderableFrustum.h">
      <Filter>Header Files\Drawables</Filter>
    </ClInclude>
    <ClInclude Include="vRenderTarget.h">
      <Filter>Header Files\Core</Filter>
    </ClInclude>
    <ClInclude Include="vProjector.h">
      <Filter>Header Files\Components</Filter>
    </ClInclude>
    <ClInclude Include="vBlendStates.h">
      <Filter>Header Files\Core</Filter>
    </ClInclude>
    <ClInclude Include="vDepthMap.h">
      <Filter>Header Files\Shaders</Filter>
    </ClInclude>
  </ItemGroup>
  <ItemGroup>
    <ClCompile Include="vEngine.cpp">
      <Filter>Source Files</Filter>
    </ClCompile>
    <ClCompile Include="vBasicMaterial.cpp">
      <Filter>Source Files\Materials</Filter>
    </ClCompile>
    <ClCompile Include="vBloomMaterial.cpp">
      <Filter>Source Files\Materials</Filter>
    </ClCompile>
    <ClCompile Include="vDistortionMappingMaterial.cpp">
      <Filter>Source Files\Materials</Filter>
    </ClCompile>
    <ClCompile Include="vGaussianBlurMaterial.cpp">
      <Filter>Source Files\Materials</Filter>
    </ClCompile>
    <ClCompile Include="vModelMaterial.cpp">
      <Filter>Source Files\Materials</Filter>
    </ClCompile>
    <ClCompile Include="vPostProcessingMaterial.cpp">
      <Filter>Source Files\Materials</Filter>
    </ClCompile>
    <ClCompile Include="vSkyboxMaterial.cpp">
      <Filter>Source Files\Materials</Filter>
    </ClCompile>
    <ClCompile Include="vBoundingSphere.cpp">
      <Filter>Source Files\Utility</Filter>
    </ClCompile>
    <ClCompile Include="vBufferContainer.cpp">
      <Filter>Source Files\Utility</Filter>
    </ClCompile>
    <ClCompile Include="vColorHelper.cpp">
      <Filter>Source Files\Helpers</Filter>
    </ClCompile>
    <ClCompile Include="vBloom.cpp">
      <Filter>Source Files\Shaders</Filter>
    </ClCompile>
    <ClCompile Include="vCamera.cpp">
      <Filter>Source Files\Components</Filter>
    </ClCompile>
    <ClCompile Include="vClock.cpp">
      <Filter>Source Files\Core</Filter>
    </ClCompile>
    <ClCompile Include="vAudioFmod.cpp">
      <Filter>Source Files\Components</Filter>
    </ClCompile>
    <ClCompile Include="vComponent.cpp">
      <Filter>Source Files\Core</Filter>
    </ClCompile>
    <ClCompile Include="vDirectionalLight.cpp">
      <Filter>Source Files\Lights</Filter>
    </ClCompile>
    <ClCompile Include="vDistortionMapping.cpp">
      <Filter>Source Files\Shaders</Filter>
    </ClCompile>
    <ClCompile Include="vDrawableComponent.cpp">
      <Filter>Source Files\Components</Filter>
    </ClCompile>
    <ClCompile Include="vEffect.cpp">
      <Filter>Source Files\Core</Filter>
    </ClCompile>
    <ClCompile Include="vException.cpp">
      <Filter>Source Files\Core</Filter>
    </ClCompile>
    <ClCompile Include="vFPSCamera.cpp">
      <Filter>Source Files\Components</Filter>
    </ClCompile>
    <ClCompile Include="vFpsCounter.cpp">
      <Filter>Source Files\Drawables</Filter>
    </ClCompile>
    <ClCompile Include="vFrustum.cpp">
      <Filter>Source Files\Utility</Filter>
    </ClCompile>
    <ClCompile Include="vFullScreenQuad.cpp">
      <Filter>Source Files\Drawables</Filter>
    </ClCompile>
    <ClCompile Include="vFullScreenRenderTarget.cpp">
      <Filter>Source Files\Utility</Filter>
    </ClCompile>
    <ClCompile Include="vGamePad.cpp">
      <Filter>Source Files\Components</Filter>
    </ClCompile>
    <ClCompile Include="vGaussianBlur.cpp">
      <Filter>Source Files\Shaders</Filter>
    </ClCompile>
    <ClCompile Include="vGrid.cpp">
      <Filter>Source Files\Drawables</Filter>
    </ClCompile>
    <ClCompile Include="vJoystick.cpp">
      <Filter>Source Files\Components</Filter>
    </ClCompile>
    <ClCompile Include="vKeyboard.cpp">
      <Filter>Source Files\Components</Filter>
    </ClCompile>
    <ClCompile Include="vLight.cpp">
      <Filter>Source Files\Components</Filter>
    </ClCompile>
    <ClCompile Include="vMathHelper.cpp">
      <Filter>Source Files\Helpers</Filter>
    </ClCompile>
    <ClCompile Include="vMatrixHelper.cpp">
      <Filter>Source Files\Helpers</Filter>
    </ClCompile>
    <ClCompile Include="vMaterial.cpp">
      <Filter>Source Files\Core</Filter>
    </ClCompile>
    <ClCompile Include="vMesh.cpp">
      <Filter>Source Files\Core</Filter>
    </ClCompile>
    <ClCompile Include="vModel.cpp">
      <Filter>Source Files\Core</Filter>
    </ClCompile>
    <ClCompile Include="vMouse.cpp">
      <Filter>Source Files\Components</Filter>
    </ClCompile>
    <ClCompile Include="vOrthographicCamera.cpp">
      <Filter>Source Files\Cameras</Filter>
    </ClCompile>
    <ClCompile Include="vPerspectiveCamera.cpp">
      <Filter>Source Files\Cameras</Filter>
    </ClCompile>
    <ClCompile Include="vVectorHelper.cpp">
      <Filter>Source Files\Helpers</Filter>
    </ClCompile>
    <ClCompile Include="vPass.cpp">
      <Filter>Source Files\Core</Filter>
    </ClCompile>
    <ClCompile Include="vProxyModel.cpp">
      <Filter>Source Files\Drawables</Filter>
    </ClCompile>
    <ClCompile Include="vPointLight.cpp">
      <Filter>Source Files\Lights</Filter>
    </ClCompile>
    <ClCompile Include="vRasterizerStates.cpp">
      <Filter>Source Files\Core</Filter>
    </ClCompile>
    <ClCompile Include="vRenderStateHelper.cpp">
      <Filter>Source Files\Helpers</Filter>
    </ClCompile>
    <ClCompile Include="vRay.cpp">
      <Filter>Source Files\Utility</Filter>
    </ClCompile>
    <ClCompile Include="vSkybox.cpp">
      <Filter>Source Files\Drawables</Filter>
    </ClCompile>
    <ClCompile Include="vSamplerStates.cpp">
      <Filter>Source Files\Core</Filter>
    </ClCompile>
    <ClCompile Include="vSpotLight.cpp">
      <Filter>Source Files\Lights</Filter>
    </ClCompile>
    <ClCompile Include="vService.cpp">
      <Filter>Source Files\Utility</Filter>
    </ClCompile>
    <ClCompile Include="vTechnique.cpp">
      <Filter>Source Files\Core</Filter>
    </ClCompile>
    <ClCompile Include="vTime.cpp">
      <Filter>Source Files\Core</Filter>
    </ClCompile>
    <ClCompile Include="vUtility.cpp">
      <Filter>Source Files\Utility</Filter>
    </ClCompile>
    <ClCompile Include="vVariable.cpp">
      <Filter>Source Files\Core</Filter>
    </ClCompile>
    <ClCompile Include="vDepthMapMaterial.cpp">
      <Filter>Source Files\Materials</Filter>
    </ClCompile>
    <ClCompile Include="vProjectiveTextureMappingMaterial.cpp">
      <Filter>Source Files\Materials</Filter>
    </ClCompile>
    <ClCompile Include="vShadowMappingMaterial.cpp">
      <Filter>Source Files\Materials</Filter>
    </ClCompile>
    <ClCompile Include="vRenderableFrustum.cpp">
      <Filter>Source Files\Drawables</Filter>
    </ClCompile>
    <ClCompile Include="vRenderTarget.cpp">
      <Filter>Source Files\Core</Filter>
    </ClCompile>
    <ClCompile Include="vProjector.cpp">
      <Filter>Source Files\Components</Filter>
    </ClCompile>
    <ClCompile Include="vBlendStates.cpp">
      <Filter>Source Files\Core</Filter>
    </ClCompile>
    <ClCompile Include="vDepthMap.cpp">
      <Filter>Source Files\Shaders</Filter>
    </ClCompile>
  </ItemGroup>
  <ItemGroup>
    <None Include="ClassDiagram.cd" />
  </ItemGroup>
</Project>