<?xml version="1.0" encoding="utf-8"?>
<Project ToolsVersion="4.0" xmlns="http://schemas.microsoft.com/developer/msbuild/2003">
  <ItemGroup>
    <Filter Include="Source Files">
      <UniqueIdentifier>{4FC737F1-C7A5-4376-A066-2A32D752A2FF}</UniqueIdentifier>
      <Extensions>cpp;c;cc;cxx;def;odl;idl;hpj;bat;asm;asmx</Extensions>
    </Filter>
    <Filter Include="Header Files">
      <UniqueIdentifier>{93995380-89BD-4b04-88EB-625FBE52EBFB}</UniqueIdentifier>
      <Extensions>h;hpp;hxx;hm;inl;inc;xsd</Extensions>
    </Filter>
  </ItemGroup>
  <ItemGroup>
    <ClInclude Include="vInclude.h">
      <Filter>Header Files</Filter>
    </ClInclude>
    <ClInclude Include="vEngine.h">
      <Filter>Header Files</Filter>
    </ClInclude>
    <ClInclude Include="vUtility.h">
      <Filter>Header Files</Filter>
    </ClInclude>
    <ClInclude Include="vService.h">
      <Filter>Header Files</Filter>
    </ClInclude>
    <ClInclude Include="vRTTI.h">
      <Filter>Header Files</Filter>
    </ClInclude>
    <ClInclude Include="vMouse.h">
      <Filter>Header Files</Filter>
    </ClInclude>
    <ClInclude Include="vKeyboard.h">
      <Filter>Header Files</Filter>
    </ClInclude>
    <ClInclude Include="vTime.h">
      <Filter>Header Files</Filter>
    </ClInclude>
    <ClInclude Include="vException.h">
      <Filter>Header Files</Filter>
    </ClInclude>
    <ClInclude Include="vComponent.h">
      <Filter>Header Files</Filter>
    </ClInclude>
    <ClInclude Include="vClock.h">
      <Filter>Header Files</Filter>
    </ClInclude>
    <ClInclude Include="vFpsCounter.h">
      <Filter>Header Files</Filter>
    </ClInclude>
    <ClInclude Include="vDrawableComponent.h">
      <Filter>Header Files</Filter>
    </ClInclude>
    <ClInclude Include="vEnums.h">
      <Filter>Header Files</Filter>
    </ClInclude>
    <ClInclude Include="vJoystick.h">
      <Filter>Header Files</Filter>
    </ClInclude>
    <ClInclude Include="vGamePad.h">
      <Filter>Header Files</Filter>
    </ClInclude>
    <ClInclude Include="vColorHelper.h">
      <Filter>Header Files</Filter>
    </ClInclude>
    <ClInclude Include="vMatrixHelper.h">
      <Filter>Header Files</Filter>
    </ClInclude>
    <ClInclude Include="vStructs.h">
      <Filter>Header Files</Filter>
    </ClInclude>
    <ClInclude Include="vVectorHelper.h">
      <Filter>Header Files</Filter>
    </ClInclude>
  </ItemGroup>
  <ItemGroup>
    <ClCompile Include="vEngine.cpp">
      <Filter>Source Files</Filter>
    </ClCompile>
    <ClCompile Include="vUtility.cpp">
      <Filter>Source Files</Filter>
    </ClCompile>
    <ClCompile Include="vService.cpp">
      <Filter>Source Files</Filter>
    </ClCompile>
    <ClCompile Include="vMouse.cpp">
      <Filter>Source Files</Filter>
    </ClCompile>
    <ClCompile Include="vKeyboard.cpp">
      <Filter>Source Files</Filter>
    </ClCompile>
    <ClCompile Include="vTime.cpp">
      <Filter>Source Files</Filter>
    </ClCompile>
    <ClCompile Include="vException.cpp">
      <Filter>Source Files</Filter>
    </ClCompile>
    <ClCompile Include="vComponent.cpp">
      <Filter>Source Files</Filter>
    </ClCompile>
    <ClCompile Include="vClock.cpp">
      <Filter>Source Files</Filter>
    </ClCompile>
    <ClCompile Include="vFpsCounter.cpp">
      <Filter>Source Files</Filter>
    </ClCompile>
    <ClCompile Include="vDrawableComponent.cpp">
      <Filter>Source Files</Filter>
    </ClCompile>
    <ClCompile Include="vJoystick.cpp">
      <Filter>Source Files</Filter>
    </ClCompile>
    <ClCompile Include="vGamePad.cpp">
      <Filter>Source Files</Filter>
    </ClCompile>
    <ClCompile Include="vColorHelper.cpp">
      <Filter>Source Files</Filter>
    </ClCompile>
    <ClCompile Include="vMatrixHelper.cpp">
      <Filter>Source Files</Filter>
    </ClCompile>
    <ClCompile Include="vVectorHelper.cpp">
      <Filter>Source Files</Filter>
    </ClCompile>
  </ItemGroup>
</Project>