<?xml version="1.0" encoding="utf-8"?>
<Project ToolsVersion="4.0" xmlns="http://schemas.microsoft.com/developer/msbuild/2003">
  <ItemGroup>
    <Filter Include="Source Files">
      <UniqueIdentifier>{4FC737F1-C7A5-4376-A066-2A32D752A2FF}</UniqueIdentifier>
      <Extensions>cpp;c;cc;cxx;def;odl;idl;hpj;bat;asm;asmx</Extensions>
    </Filter>
    <Filter Include="Header Files">
      <UniqueIdentifier>{93995380-89BD-4b04-88EB-625FBE52EBFB}</UniqueIdentifier>
      <Extensions>h;hpp;hxx;hm;inl;inc;xsd</Extensions>
    </Filter>
  </ItemGroup>
  <ItemGroup>
    <ClInclude Include="vInclude.h">
      <Filter>Header Files</Filter>
    </ClInclude>
    <ClInclude Include="vEngine.h">
      <Filter>Header Files</Filter>
    </ClInclude>
    <ClInclude Include="vUtility.h">
      <Filter>Header Files</Filter>
    </ClInclude>
    <ClInclude Include="vService.h">
      <Filter>Header Files</Filter>
    </ClInclude>
    <ClInclude Include="vRTTI.h">
      <Filter>Header Files</Filter>
    </ClInclude>
    <ClInclude Include="vMouse.h">
      <Filter>Header Files</Filter>
    </ClInclude>
    <ClInclude Include="vKeyboard.h">
      <Filter>Header Files</Filter>
    </ClInclude>
    <ClInclude Include="vTime.h">
      <Filter>Header Files</Filter>
    </ClInclude>
    <ClInclude Include="vException.h">
      <Filter>Header Files</Filter>
    </ClInclude>
    <ClInclude Include="vComponent.h">
      <Filter>Header Files</Filter>
    </ClInclude>
    <ClInclude Include="vClock.h">
      <Filter>Header Files</Filter>
    </ClInclude>
    <ClInclude Include="vFpsCounter.h">
      <Filter>Header Files</Filter>
    </ClInclude>
    <ClInclude Include="vDrawableComponent.h">
      <Filter>Header Files</Filter>
    </ClInclude>
    <ClInclude Include="vEnums.h">
      <Filter>Header Files</Filter>
    </ClInclude>
    <ClInclude Include="vJoystick.h">
      <Filter>Header Files</Filter>
    </ClInclude>
    <ClInclude Include="vGamePad.h">
      <Filter>Header Files</Filter>
    </ClInclude>
    <ClInclude Include="vColorHelper.h">
      <Filter>Header Files</Filter>
    </ClInclude>
    <ClInclude Include="vMatrixHelper.h">
      <Filter>Header Files</Filter>
    </ClInclude>
    <ClInclude Include="vStructs.h">
      <Filter>Header Files</Filter>
    </ClInclude>
    <ClInclude Include="vVectorHelper.h">
      <Filter>Header Files</Filter>
    </ClInclude>
    <ClInclude Include="vAudioFmod.h">
      <Filter>Header Files</Filter>
    </ClInclude>
    <ClInclude Include="vCamera.h">
      <Filter>Header Files</Filter>
    </ClInclude>
    <ClInclude Include="vGrid.h">
      <Filter>Header Files</Filter>
    </ClInclude>
    <ClInclude Include="vFPSCamera.h">
      <Filter>Header Files</Filter>
    </ClInclude>
    <ClInclude Include="vOrthographicCamera.h">
      <Filter>Header Files</Filter>
    </ClInclude>
    <ClInclude Include="vRenderStateHelper.h">
      <Filter>Header Files</Filter>
    </ClInclude>
    <ClInclude Include="vEffect.h">
      <Filter>Header Files</Filter>
    </ClInclude>
    <ClInclude Include="vMaterial.h">
      <Filter>Header Files</Filter>
    </ClInclude>
    <ClInclude Include="vMesh.h">
      <Filter>Header Files</Filter>
    </ClInclude>
    <ClInclude Include="vModel.h">
      <Filter>Header Files</Filter>
    </ClInclude>
    <ClInclude Include="vModelMaterial.h">
      <Filter>Header Files</Filter>
    </ClInclude>
    <ClInclude Include="vPass.h">
      <Filter>Header Files</Filter>
    </ClInclude>
    <ClInclude Include="vSkybox.h">
      <Filter>Header Files</Filter>
    </ClInclude>
    <ClInclude Include="vTechnique.h">
      <Filter>Header Files</Filter>
    </ClInclude>
    <ClInclude Include="vVariable.h">
      <Filter>Header Files</Filter>
    </ClInclude>
    <ClInclude Include="vBasicMaterial.h">
      <Filter>Header Files</Filter>
    </ClInclude>
    <ClInclude Include="vSkyboxMaterial.h">
      <Filter>Header Files</Filter>
    </ClInclude>
    <ClInclude Include="vLight.h">
      <Filter>Header Files</Filter>
    </ClInclude>
    <ClInclude Include="vDirectionalLight.h">
      <Filter>Header Files</Filter>
    </ClInclude>
    <ClInclude Include="vPointLight.h">
      <Filter>Header Files</Filter>
    </ClInclude>
    <ClInclude Include="vSpotLight.h">
      <Filter>Header Files</Filter>
    </ClInclude>
    <ClInclude Include="vSamplerStates.h">
      <Filter>Header Files</Filter>
    </ClInclude>
    <ClInclude Include="vRasterizerStates.h">
      <Filter>Header Files</Filter>
    </ClInclude>
    <ClInclude Include="vProxyModel.h">
      <Filter>Header Files</Filter>
    </ClInclude>
    <ClInclude Include="vPerspectiveCamera.h">
      <Filter>Header Files</Filter>
    </ClInclude>
    <ClInclude Include="vMathHelper.h">
      <Filter>Header Files</Filter>
    </ClInclude>
    <ClInclude Include="vBoundingSphere.h">
      <Filter>Header Files</Filter>
    </ClInclude>
    <ClInclude Include="vBufferContainer.h">
      <Filter>Header Files</Filter>
    </ClInclude>
    <ClInclude Include="vFrustum.h">
      <Filter>Header Files</Filter>
    </ClInclude>
    <ClInclude Include="vRay.h">
      <Filter>Header Files</Filter>
    </ClInclude>
  </ItemGroup>
  <ItemGroup>
    <ClCompile Include="vEngine.cpp">
      <Filter>Source Files</Filter>
    </ClCompile>
    <ClCompile Include="vUtility.cpp">
      <Filter>Source Files</Filter>
    </ClCompile>
    <ClCompile Include="vService.cpp">
      <Filter>Source Files</Filter>
    </ClCompile>
    <ClCompile Include="vMouse.cpp">
      <Filter>Source Files</Filter>
    </ClCompile>
    <ClCompile Include="vKeyboard.cpp">
      <Filter>Source Files</Filter>
    </ClCompile>
    <ClCompile Include="vTime.cpp">
      <Filter>Source Files</Filter>
    </ClCompile>
    <ClCompile Include="vException.cpp">
      <Filter>Source Files</Filter>
    </ClCompile>
    <ClCompile Include="vComponent.cpp">
      <Filter>Source Files</Filter>
    </ClCompile>
    <ClCompile Include="vClock.cpp">
      <Filter>Source Files</Filter>
    </ClCompile>
    <ClCompile Include="vFpsCounter.cpp">
      <Filter>Source Files</Filter>
    </ClCompile>
    <ClCompile Include="vDrawableComponent.cpp">
      <Filter>Source Files</Filter>
    </ClCompile>
    <ClCompile Include="vJoystick.cpp">
      <Filter>Source Files</Filter>
    </ClCompile>
    <ClCompile Include="vGamePad.cpp">
      <Filter>Source Files</Filter>
    </ClCompile>
    <ClCompile Include="vColorHelper.cpp">
      <Filter>Source Files</Filter>
    </ClCompile>
    <ClCompile Include="vMatrixHelper.cpp">
      <Filter>Source Files</Filter>
    </ClCompile>
    <ClCompile Include="vVectorHelper.cpp">
      <Filter>Source Files</Filter>
    </ClCompile>
    <ClCompile Include="vAudioFmod.cpp">
      <Filter>Source Files</Filter>
    </ClCompile>
    <ClCompile Include="vCamera.cpp">
      <Filter>Source Files</Filter>
    </ClCompile>
    <ClCompile Include="vGrid.cpp">
      <Filter>Source Files</Filter>
    </ClCompile>
    <ClCompile Include="vFPSCamera.cpp">
      <Filter>Source Files</Filter>
    </ClCompile>
    <ClCompile Include="vOrthographicCamera.cpp">
      <Filter>Source Files</Filter>
    </ClCompile>
    <ClCompile Include="vRenderStateHelper.cpp">
      <Filter>Source Files</Filter>
    </ClCompile>
    <ClCompile Include="vEffect.cpp">
      <Filter>Source Files</Filter>
    </ClCompile>
    <ClCompile Include="vMaterial.cpp">
      <Filter>Source Files</Filter>
    </ClCompile>
    <ClCompile Include="vMesh.cpp">
      <Filter>Source Files</Filter>
    </ClCompile>
    <ClCompile Include="vModel.cpp">
      <Filter>Source Files</Filter>
    </ClCompile>
    <ClCompile Include="vModelMaterial.cpp">
      <Filter>Source Files</Filter>
    </ClCompile>
    <ClCompile Include="vPass.cpp">
      <Filter>Source Files</Filter>
    </ClCompile>
    <ClCompile Include="vSkybox.cpp">
      <Filter>Source Files</Filter>
    </ClCompile>
    <ClCompile Include="vTechnique.cpp">
      <Filter>Source Files</Filter>
    </ClCompile>
    <ClCompile Include="vVariable.cpp">
      <Filter>Source Files</Filter>
    </ClCompile>
    <ClCompile Include="vBasicMaterial.cpp">
      <Filter>Source Files</Filter>
    </ClCompile>
    <ClCompile Include="vSkyboxMaterial.cpp">
      <Filter>Source Files</Filter>
    </ClCompile>
    <ClCompile Include="vLight.cpp">
      <Filter>Source Files</Filter>
    </ClCompile>
    <ClCompile Include="vDirectionalLight.cpp">
      <Filter>Source Files</Filter>
    </ClCompile>
    <ClCompile Include="vPointLight.cpp">
      <Filter>Source Files</Filter>
    </ClCompile>
    <ClCompile Include="vSpotLight.cpp">
      <Filter>Source Files</Filter>
    </ClCompile>
    <ClCompile Include="vSamplerStates.cpp">
      <Filter>Source Files</Filter>
    </ClCompile>
    <ClCompile Include="vRasterizerStates.cpp">
      <Filter>Source Files</Filter>
    </ClCompile>
    <ClCompile Include="vProxyModel.cpp">
      <Filter>Source Files</Filter>
    </ClCompile>
    <ClCompile Include="vPerspectiveCamera.cpp">
      <Filter>Source Files</Filter>
    </ClCompile>
    <ClCompile Include="vMathHelper.cpp">
      <Filter>Source Files</Filter>
    </ClCompile>
    <ClCompile Include="vBoundingSphere.cpp">
      <Filter>Source Files</Filter>
    </ClCompile>
    <ClCompile Include="vBufferContainer.cpp">
      <Filter>Source Files</Filter>
    </ClCompile>
    <ClCompile Include="vFrustum.cpp">
      <Filter>Source Files</Filter>
    </ClCompile>
    <ClCompile Include="vRay.cpp">
      <Filter>Source Files</Filter>
    </ClCompile>
  </ItemGroup>
  <ItemGroup>
    <None Include="ClassDiagram.cd" />
  </ItemGroup>
</Project>